
Microsoft Visual Studio Solution File, Format Version 12.00
# Visual Studio Version 17
VisualStudioVersion = 17.5.33516.290
MinimumVisualStudioVersion = 10.0.40219.1
Project("{888888A0-9F3D-457C-B088-3A5042F75D52}") = "FlaskWebProjectMMSS", "FlaskWebProjectMMSS.pyproj", "{A5BCED12-A771-44A3-B2D3-E92725013759}"
EndProject
Project("{2150E333-8FDC-42A3-9474-1A3956D46DE8}") = "Images", "Images", "{6AA4CEAD-42AC-434D-B9B6-6064A7BE015D}"
EndProject
Project("{2150E333-8FDC-42A3-9474-1A3956D46DE8}") = "Solution Items", "Solution Items", "{21683844-4B96-4BC7-8FE9-7DC622A399D2}"
EndProject
Global
	GlobalSection(SolutionConfigurationPlatforms) = preSolution
		Debug|Any CPU = Debug|Any CPU
		Release|Any CPU = Release|Any CPU
	EndGlobalSection
	GlobalSection(ProjectConfigurationPlatforms) = postSolution
		{A5BCED12-A771-44A3-B2D3-E92725013759}.Debug|Any CPU.ActiveCfg = Debug|Any CPU
		{A5BCED12-A771-44A3-B2D3-E92725013759}.Debug|Any CPU.Build.0 = Debug|Any CPU
		{A5BCED12-A771-44A3-B2D3-E92725013759}.Release|Any CPU.ActiveCfg = Release|Any CPU
		{A5BCED12-A771-44A3-B2D3-E92725013759}.Release|Any CPU.Build.0 = Release|Any CPU
	EndGlobalSection
	GlobalSection(SolutionProperties) = preSolution
		HideSolutionNode = FALSE
	EndGlobalSection
	GlobalSection(ExtensibilityGlobals) = postSolution
		SolutionGuid = {F6458EF0-1ECD-4868-B72C-67FF21922776}
	EndGlobalSection
EndGlobal
